
Microsoft Visual Studio Solution File, Format Version 12.00
# Visual Studio Version 16
VisualStudioVersion = 16.0.30320.27
MinimumVisualStudioVersion = 10.0.40219.1
Project("{8BC9CEB8-8B4A-11D0-8D11-00A0C91BC942}") = "Project1", "Project1\Project1.vcxproj", "{E12BD1F4-2170-4CC7-B23B-2C147825FF3A}"
EndProject
Global
	GlobalSection(SolutionConfigurationPlatforms) = preSolution
		Debug|x64 = Debug|x64
		Debug|x86 = Debug|x86
		Release|x64 = Release|x64
		Release|x86 = Release|x86
	EndGlobalSection
	GlobalSection(ProjectConfigurationPlatforms) = postSolution
		{E12BD1F4-2170-4CC7-B23B-2C147825FF3A}.Debug|x64.ActiveCfg = Debug|x64
		{E12BD1F4-2170-4CC7-B23B-2C147825FF3A}.Debug|x64.Build.0 = Debug|x64
		{E12BD1F4-2170-4CC7-B23B-2C147825FF3A}.Debug|x86.ActiveCfg = Debug|Win32
		{E12BD1F4-2170-4CC7-B23B-2C147825FF3A}.Debug|x86.Build.0 = Debug|Win32
		{E12BD1F4-2170-4CC7-B23B-2C147825FF3A}.Release|x64.ActiveCfg = Release|x64
		{E12BD1F4-2170-4CC7-B23B-2C147825FF3A}.Release|x64.Build.0 = Release|x64
		{E12BD1F4-2170-4CC7-B23B-2C147825FF3A}.Release|x86.ActiveCfg = Release|Win32
		{E12BD1F4-2170-4CC7-B23B-2C147825FF3A}.Release|x86.Build.0 = Release|Win32
	EndGlobalSection
	GlobalSection(SolutionProperties) = preSolution
		HideSolutionNode = FALSE
	EndGlobalSection
	GlobalSection(ExtensibilityGlobals) = postSolution
		SolutionGuid = {E6CFA6B5-8894-489B-9C51-B5604C76FFB4}
	EndGlobalSection
EndGlobal
